
Microsoft Visual Studio Solution File, Format Version 12.00
# Visual Studio Version 16
VisualStudioVersion = 16.0.30011.22
MinimumVisualStudioVersion = 10.0.40219.1
Project("{FAE04EC0-301F-11D3-BF4B-00C04F79EFBC}") = "End_of_all_Hope", "End_of_all_Hope.csproj", "{02195B6C-715B-473D-953C-0FB52C4C5817}"
EndProject
Global
	GlobalSection(SolutionConfigurationPlatforms) = preSolution
		Debug|Any CPU = Debug|Any CPU
		Release|Any CPU = Release|Any CPU
	EndGlobalSection
	GlobalSection(ProjectConfigurationPlatforms) = postSolution
		{02195B6C-715B-473D-953C-0FB52C4C5817}.Debug|Any CPU.ActiveCfg = Debug|Any CPU
		{02195B6C-715B-473D-953C-0FB52C4C5817}.Debug|Any CPU.Build.0 = Debug|Any CPU
		{02195B6C-715B-473D-953C-0FB52C4C5817}.Release|Any CPU.ActiveCfg = Release|Any CPU
		{02195B6C-715B-473D-953C-0FB52C4C5817}.Release|Any CPU.Build.0 = Release|Any CPU
	EndGlobalSection
	GlobalSection(SolutionProperties) = preSolution
		HideSolutionNode = FALSE
	EndGlobalSection
	GlobalSection(ExtensibilityGlobals) = postSolution
		SolutionGuid = {B93A0BBD-2F2F-40F8-AD9F-9CE93BA8DE93}
	EndGlobalSection
EndGlobal
